
Microsoft Visual Studio Solution File, Format Version 12.00
# Visual Studio Version 16
VisualStudioVersion = 16.0.30413.136
MinimumVisualStudioVersion = 10.0.40219.1
Project("{9A19103F-16F7-4668-BE54-9A1E7A4F7556}") = "Data", "Data\Data.csproj", "{3001ECE2-3437-4667-92FE-68F9940FE094}"
EndProject
Project("{9A19103F-16F7-4668-BE54-9A1E7A4F7556}") = "Business", "Business\Business.csproj", "{0342201A-DA9A-4481-8C8F-D1ED488B034D}"
EndProject
Project("{9A19103F-16F7-4668-BE54-9A1E7A4F7556}") = "WebApi", "WebApi\WebApi.csproj", "{2A4704F4-BBAA-47D5-B5F9-E51A806F343E}"
EndProject
Global
	GlobalSection(SolutionConfigurationPlatforms) = preSolution
		Debug|Any CPU = Debug|Any CPU
		Release|Any CPU = Release|Any CPU
	EndGlobalSection
	GlobalSection(ProjectConfigurationPlatforms) = postSolution
		{3001ECE2-3437-4667-92FE-68F9940FE094}.Debug|Any CPU.ActiveCfg = Debug|Any CPU
		{3001ECE2-3437-4667-92FE-68F9940FE094}.Debug|Any CPU.Build.0 = Debug|Any CPU
		{3001ECE2-3437-4667-92FE-68F9940FE094}.Release|Any CPU.ActiveCfg = Release|Any CPU
		{3001ECE2-3437-4667-92FE-68F9940FE094}.Release|Any CPU.Build.0 = Release|Any CPU
		{0342201A-DA9A-4481-8C8F-D1ED488B034D}.Debug|Any CPU.ActiveCfg = Debug|Any CPU
		{0342201A-DA9A-4481-8C8F-D1ED488B034D}.Debug|Any CPU.Build.0 = Debug|Any CPU
		{0342201A-DA9A-4481-8C8F-D1ED488B034D}.Release|Any CPU.ActiveCfg = Release|Any CPU
		{0342201A-DA9A-4481-8C8F-D1ED488B034D}.Release|Any CPU.Build.0 = Release|Any CPU
		{2A4704F4-BBAA-47D5-B5F9-E51A806F343E}.Debug|Any CPU.ActiveCfg = Debug|Any CPU
		{2A4704F4-BBAA-47D5-B5F9-E51A806F343E}.Debug|Any CPU.Build.0 = Debug|Any CPU
		{2A4704F4-BBAA-47D5-B5F9-E51A806F343E}.Release|Any CPU.ActiveCfg = Release|Any CPU
		{2A4704F4-BBAA-47D5-B5F9-E51A806F343E}.Release|Any CPU.Build.0 = Release|Any CPU
	EndGlobalSection
	GlobalSection(SolutionProperties) = preSolution
		HideSolutionNode = FALSE
	EndGlobalSection
	GlobalSection(ExtensibilityGlobals) = postSolution
		SolutionGuid = {042DAFFA-A07D-4725-8375-B82FE75D3E7D}
	EndGlobalSection
EndGlobal
